# THIS IS AN AUTOGENERATED FILE. DO NOT EDIT THIS FILE DIRECTLY.
# yarn lockfile v1


"@types/node@^12.12.0":
  version "12.12.39"
  resolved "https://registry.yarnpkg.com/@types/node/-/node-12.12.39.tgz#532d25c1e639d89dd6f3aa1d7b3962e3e7fa943d"
  integrity sha512-pADGfwnDkr6zagDwEiCVE4yQrv7XDkoeVa4OfA9Ju/zRTk6YNDLGtQbkdL4/56mCQQCs4AhNrBIag6jrp7ZuOg==

"@types/vscode@^1.32.0":
  version "1.45.0"
  resolved "https://registry.yarnpkg.com/@types/vscode/-/vscode-1.45.0.tgz#8a07e740aa1ca7264da8cb17be87b733836d6c01"
  integrity sha512-b0Gyir7sPBCqiKLygAhn/AYVfzWD+SMPkWltBrIuPEyTOxSU1wVApWY/FcxYO2EWTRacoubTl4+gvZf86RkecA==

typescript@^3.8.3:
  version "3.9.2"
  resolved "https://registry.yarnpkg.com/typescript/-/typescript-3.9.2.tgz#64e9c8e9be6ea583c54607677dd4680a1cf35db9"
  integrity sha512-q2ktq4n/uLuNNShyayit+DTobV2ApPEo/6so68JaD5ojvc/6GClBipedB9zNWYxRSAlZXAe405Rlijzl6qDiSw==
